# THIS IS AN AUTOGENERATED FILE. DO NOT EDIT THIS FILE DIRECTLY.
# yarn lockfile v1


"@types/d3-array@*":
  version "1.2.1"
  resolved "https://registry.yarnpkg.com/@types/d3-array/-/d3-array-1.2.1.tgz#e489605208d46a1c9d980d2e5772fa9c75d9ec65"

"@types/d3-axis@*":
  version "1.0.10"
  resolved "https://registry.yarnpkg.com/@types/d3-axis/-/d3-axis-1.0.10.tgz#41d6b3ea9032f9531ec0d71d83bcf49294511210"
  dependencies:
    "@types/d3-selection" "*"

"@types/d3-brush@*":
  version "1.0.8"
  resolved "https://registry.yarnpkg.com/@types/d3-brush/-/d3-brush-1.0.8.tgz#2bb9b93e58115da9e0c94ac2b865e34d3631b69b"
  dependencies:
    "@types/d3-selection" "*"

"@types/d3-chord@*":
  version "1.0.7"
  resolved "https://registry.yarnpkg.com/@types/d3-chord/-/d3-chord-1.0.7.tgz#6cb982d84c02bf1b05874d921316451546fde9c3"

"@types/d3-collection@*":
  version "1.0.7"
  resolved "https://registry.yarnpkg.com/@types/d3-collection/-/d3-collection-1.0.7.tgz#829e1db477d6bbbcdc038cbc489f22798752d707"

"@types/d3-color@*":
  version "1.2.1"
  resolved "https://registry.yarnpkg.com/@types/d3-color/-/d3-color-1.2.1.tgz#26141c3c554e320edd40726b793570a3ae57397e"

"@types/d3-contour@*":
  version "1.2.1"
  resolved "https://registry.yarnpkg.com/@types/d3-contour/-/d3-contour-1.2.1.tgz#03d4f9849f8b99f841d2adf6f59b2dcf06987178"
  dependencies:
    "@types/d3-array" "*"
    "@types/geojson" "*"

"@types/d3-dispatch@*":
  version "1.0.6"
  resolved "https://registry.yarnpkg.com/@types/d3-dispatch/-/d3-dispatch-1.0.6.tgz#19b173f669cd2ab7dd3d862e8037aae1a98c7508"

"@types/d3-drag@*":
  version "1.2.1"
  resolved "https://registry.yarnpkg.com/@types/d3-drag/-/d3-drag-1.2.1.tgz#6394bcf2f6414140b3b0d521259cadc6fa1da926"
  dependencies:
    "@types/d3-selection" "*"

"@types/d3-dsv@*":
  version "1.0.33"
  resolved "https://registry.yarnpkg.com/@types/d3-dsv/-/d3-dsv-1.0.33.tgz#18de1867927f7ec898671aef82f730f16d4c7fcb"

"@types/d3-ease@*":
  version "1.0.7"
  resolved "https://registry.yarnpkg.com/@types/d3-ease/-/d3-ease-1.0.7.tgz#93a301868be9e15061f3d44343b1ab3f8acb6f09"

"@types/d3-fetch@*":
  version "1.1.2"
  resolved "https://registry.yarnpkg.com/@types/d3-fetch/-/d3-fetch-1.1.2.tgz#a59921477e25850ca6b3353e03d5d29e5a0e8e03"
  dependencies:
    "@types/d3-dsv" "*"

"@types/d3-force@*":
  version "1.1.1"
  resolved "https://registry.yarnpkg.com/@types/d3-force/-/d3-force-1.1.1.tgz#185c18b77932df63457894bd36d0d6e9692546c0"

"@types/d3-format@*":
  version "1.3.0"
  resolved "https://registry.yarnpkg.com/@types/d3-format/-/d3-format-1.3.0.tgz#c5e115fac8e6861ce656fe9861892b22f6b0cfcb"

"@types/d3-geo@*":
  version "1.10.3"
  resolved "https://registry.yarnpkg.com/@types/d3-geo/-/d3-geo-1.10.3.tgz#3c01b2baa480e1108301096328dc2837e7ff4d8a"
  dependencies:
    "@types/geojson" "*"

"@types/d3-hierarchy@*":
  version "1.1.4"
  resolved "https://registry.yarnpkg.com/@types/d3-hierarchy/-/d3-hierarchy-1.1.4.tgz#b04dfcb1f2074da789ada10fe4942d13f0bce421"

"@types/d3-interpolate@*":
  version "1.2.0"
  resolved "https://registry.yarnpkg.com/@types/d3-interpolate/-/d3-interpolate-1.2.0.tgz#b5587e013f8afbbc0194046e6a66bb7b8f1c8619"
  dependencies:
    "@types/d3-color" "*"

"@types/d3-path@*":
  version "1.0.7"
  resolved "https://registry.yarnpkg.com/@types/d3-path/-/d3-path-1.0.7.tgz#a0736fceed688a695f48265a82ff7a3369414b81"

"@types/d3-polygon@*":
  version "1.0.6"
  resolved "https://registry.yarnpkg.com/@types/d3-polygon/-/d3-polygon-1.0.6.tgz#db25c630a2afb9191fe51ba61dd37baee9dd44c7"

"@types/d3-quadtree@*":
  version "1.0.6"
  resolved "https://registry.yarnpkg.com/@types/d3-quadtree/-/d3-quadtree-1.0.6.tgz#45da9e603688ba90eedd3d40f6e504764e06e493"

"@types/d3-random@*":
  version "1.1.1"
  resolved "https://registry.yarnpkg.com/@types/d3-random/-/d3-random-1.1.1.tgz#38647ce2ff4ce7d0d56974334c1c4092513c8b9f"

"@types/d3-scale-chromatic@*":
  version "1.2.0"
  resolved "https://registry.yarnpkg.com/@types/d3-scale-chromatic/-/d3-scale-chromatic-1.2.0.tgz#c415744622fd8033f98ebcc9cf962dc8333dec97"

"@types/d3-scale@*":
  version "2.0.1"
  resolved "https://registry.yarnpkg.com/@types/d3-scale/-/d3-scale-2.0.1.tgz#f94cd991c50422b2e68d8f43be3f9fffdb1ae7be"
  dependencies:
    "@types/d3-time" "*"

"@types/d3-selection@*":
  version "1.3.2"
  resolved "https://registry.yarnpkg.com/@types/d3-selection/-/d3-selection-1.3.2.tgz#dd5661a560ba9ce3aba823c424b8d4a1bc7e833f"

"@types/d3-shape@*":
  version "1.2.4"
  resolved "https://registry.yarnpkg.com/@types/d3-shape/-/d3-shape-1.2.4.tgz#e65585f2254d83ae42c47af2e730dd9b97952996"
  dependencies:
    "@types/d3-path" "*"

"@types/d3-time-format@*":
  version "2.1.0"
  resolved "https://registry.yarnpkg.com/@types/d3-time-format/-/d3-time-format-2.1.0.tgz#011e0fb7937be34a9a8f580ae1e2f2f1336a8a22"

"@types/d3-time@*":
  version "1.0.8"
  resolved "https://registry.yarnpkg.com/@types/d3-time/-/d3-time-1.0.8.tgz#6c083127b330b3c2fc65cd0f3a6e9cbd9607b28c"

"@types/d3-timer@*":
  version "1.0.7"
  resolved "https://registry.yarnpkg.com/@types/d3-timer/-/d3-timer-1.0.7.tgz#053e6369d9485c9dc80bc62fc0851123341d7816"

"@types/d3-transition@*":
  version "1.1.2"
  resolved "https://registry.yarnpkg.com/@types/d3-transition/-/d3-transition-1.1.2.tgz#1106fc3129decc9ad5682a9f52b2dfa52f14e57c"
  dependencies:
    "@types/d3-selection" "*"

"@types/d3-voronoi@*":
  version "1.1.7"
  resolved "https://registry.yarnpkg.com/@types/d3-voronoi/-/d3-voronoi-1.1.7.tgz#c0a145cf04395927e01706ff6c4ff835c97a8ece"

"@types/d3-zoom@*":
  version "1.7.1"
  resolved "https://registry.yarnpkg.com/@types/d3-zoom/-/d3-zoom-1.7.1.tgz#0d69be0bf5849cffb66f48e4258c838436b43822"
  dependencies:
    "@types/d3-interpolate" "*"
    "@types/d3-selection" "*"

"@types/d3@^5.0.0":
  version "5.0.0"
  resolved "https://registry.yarnpkg.com/@types/d3/-/d3-5.0.0.tgz#fec49f2aea0f0784f829eff38132926e92676d57"
  dependencies:
    "@types/d3-array" "*"
    "@types/d3-axis" "*"
    "@types/d3-brush" "*"
    "@types/d3-chord" "*"
    "@types/d3-collection" "*"
    "@types/d3-color" "*"
    "@types/d3-contour" "*"
    "@types/d3-dispatch" "*"
    "@types/d3-drag" "*"
    "@types/d3-dsv" "*"
    "@types/d3-ease" "*"
    "@types/d3-fetch" "*"
    "@types/d3-force" "*"
    "@types/d3-format" "*"
    "@types/d3-geo" "*"
    "@types/d3-hierarchy" "*"
    "@types/d3-interpolate" "*"
    "@types/d3-path" "*"
    "@types/d3-polygon" "*"
    "@types/d3-quadtree" "*"
    "@types/d3-random" "*"
    "@types/d3-scale" "*"
    "@types/d3-scale-chromatic" "*"
    "@types/d3-selection" "*"
    "@types/d3-shape" "*"
    "@types/d3-time" "*"
    "@types/d3-time-format" "*"
    "@types/d3-timer" "*"
    "@types/d3-transition" "*"
    "@types/d3-voronoi" "*"
    "@types/d3-zoom" "*"

"@types/geojson@*":
  version "7946.0.4"
  resolved "https://registry.yarnpkg.com/@types/geojson/-/geojson-7946.0.4.tgz#4e049756383c3f055dd8f3d24e63fb543e98eb07"

"@types/jquery@^3.3.6":
  version "3.3.6"
  resolved "https://registry.yarnpkg.com/@types/jquery/-/jquery-3.3.6.tgz#5932ead926307ca21e5b36808257f7c926b06565"

"@types/pixi.js@^4.8.0":
  version "4.8.0"
  resolved "https://registry.yarnpkg.com/@types/pixi.js/-/pixi.js-4.8.0.tgz#961056751780046fe5da2166669a0f1e964a7b92"
