# THIS IS AN AUTOGENERATED FILE. DO NOT EDIT THIS FILE DIRECTLY.
# yarn lockfile v1


"@types/d3-array@*":
  version "1.2.4"
  resolved "https://registry.yarnpkg.com/@types/d3-array/-/d3-array-1.2.4.tgz#7088445c8717ba1fba416a1df7bbd11cc72a3763"
  integrity sha512-3r1fOAAb+SGfcOGXty/LGvoP0ovMec4UtGNUyHOSzYyvSGpmt+eNMxLowol/3HryusevznSfcHZebEShXMwsZA==

"@types/d3-axis@*":
  version "1.0.11"
  resolved "https://registry.yarnpkg.com/@types/d3-axis/-/d3-axis-1.0.11.tgz#efd975f9fec14c2afd03828f3acec0ef97d37c3b"
  integrity sha512-cuigApCyCwYJxaQPghj+BqaxzbdRdT/lpZBMtF7EuEIJ61NMQ8yvGnqFvHCIgJEmUu2Wb2wiZqy9kiHi3Ddftg==
  dependencies:
    "@types/d3-selection" "*"

"@types/d3-brush@*":
  version "1.0.9"
  resolved "https://registry.yarnpkg.com/@types/d3-brush/-/d3-brush-1.0.9.tgz#c71070845946eeee4cf330e04123a3997e6476bf"
  integrity sha512-mAx8IVc0luUHfk51pl0UN1vzybnAzLMUsvIwLt3fbsqqPkSXr+Pu1AxOPPeyNc27LhHJnfH/LCV7Jlv+Yzqu1A==
  dependencies:
    "@types/d3-selection" "*"

"@types/d3-chord@*":
  version "1.0.8"
  resolved "https://registry.yarnpkg.com/@types/d3-chord/-/d3-chord-1.0.8.tgz#08c0fbb10281be0a5b3fdf48c9c081af02f79fb6"
  integrity sha512-F0ftYOo7FenAIxsRjXLt8vbij0NLDuVcL+xaGY7R9jUmF2Mrpj1T5XukBI9Cad+Ei7YSxEWREIO+CYcaKCl2qQ==

"@types/d3-collection@*":
  version "1.0.7"
  resolved "https://registry.yarnpkg.com/@types/d3-collection/-/d3-collection-1.0.7.tgz#829e1db477d6bbbcdc038cbc489f22798752d707"
  integrity sha512-vR3BT0GwHc5y93Jv6bxn3zoxP/vGu+GdXu/r1ApjbP9dLk9I2g6NiV7iP/QMQSuFZd0It0n/qWrfXHxCWwHIkg==

"@types/d3-color@*":
  version "1.2.1"
  resolved "https://registry.yarnpkg.com/@types/d3-color/-/d3-color-1.2.1.tgz#26141c3c554e320edd40726b793570a3ae57397e"
  integrity sha512-xwb1tqvYNWllbHuhMFhiXk63Imf+QNq/dJdmbXmr2wQVnwGenCuj3/0IWJ9hdIFQIqzvhT7T37cvx93jtAsDbQ==

"@types/d3-contour@*":
  version "1.3.0"
  resolved "https://registry.yarnpkg.com/@types/d3-contour/-/d3-contour-1.3.0.tgz#1a408b121fa5e341f715e3055303ef3079fc7eb0"
  integrity sha512-AUCUIjEnC5lCGBM9hS+MryRaFLIrPls4Rbv6ktqbd+TK/RXZPwOy9rtBWmGpbeXcSOYCJTUDwNJuEnmYPJRxHQ==
  dependencies:
    "@types/d3-array" "*"
    "@types/geojson" "*"

"@types/d3-dispatch@*":
  version "1.0.6"
  resolved "https://registry.yarnpkg.com/@types/d3-dispatch/-/d3-dispatch-1.0.6.tgz#19b173f669cd2ab7dd3d862e8037aae1a98c7508"
  integrity sha512-xyWJQMr832vqhu6fD/YqX+MSFBWnkxasNhcStvlhqygXxj0cKqPft0wuGoH5TIq5ADXgP83qeNVa4R7bEYN3uA==

"@types/d3-drag@*":
  version "1.2.2"
  resolved "https://registry.yarnpkg.com/@types/d3-drag/-/d3-drag-1.2.2.tgz#1cdd7716212a8cdef0a24c782c9d86c6aeb4a451"
  integrity sha512-+UKFeaMVTfSQvMO0PTzOyLXSr7OZbF2Rx1iNVwo2XsyiOsd4MSuLyJKUwRmGn67044QpbNzr+VD6/8iBBLExWw==
  dependencies:
    "@types/d3-selection" "*"

"@types/d3-dsv@*":
  version "1.0.34"
  resolved "https://registry.yarnpkg.com/@types/d3-dsv/-/d3-dsv-1.0.34.tgz#b7b3c75653a31b1e2555c9c0300a6eaf12a5b6fd"
  integrity sha512-/grhPLPFJ17GxH18EB8OSOlqcsLahz1xlKb08cVUu3OP83wBPxfoX2otVvLJDTL6BEP0kyTNsA2SdGrRhWwSBQ==

"@types/d3-ease@*":
  version "1.0.7"
  resolved "https://registry.yarnpkg.com/@types/d3-ease/-/d3-ease-1.0.7.tgz#93a301868be9e15061f3d44343b1ab3f8acb6f09"
  integrity sha1-k6MBhovp4VBh89RDQ7GrP4rLbwk=

"@types/d3-fetch@*":
  version "1.1.3"
  resolved "https://registry.yarnpkg.com/@types/d3-fetch/-/d3-fetch-1.1.3.tgz#46234b16e83d0812d7424ca87393d6fcf1d57f03"
  integrity sha512-fXajRrpEgGODUdPBaIv6SxiqMp1L6JpwaqscfLxiugDX324DgX04fyLOgj+0XMCTpmSwgw1mPFWLJ7Gh1xmRfA==
  dependencies:
    "@types/d3-dsv" "*"

"@types/d3-force@*":
  version "1.1.1"
  resolved "https://registry.yarnpkg.com/@types/d3-force/-/d3-force-1.1.1.tgz#185c18b77932df63457894bd36d0d6e9692546c0"
  integrity sha512-ePkELuaFWY4yOuf+Bvx5Xd+ihFiYG4bdnW0BlvigovIm8Sob2t76e9RGO6lybQbv6AlW9Icn9HuZ9fmdzEoJyg==

"@types/d3-format@*":
  version "1.3.0"
  resolved "https://registry.yarnpkg.com/@types/d3-format/-/d3-format-1.3.0.tgz#c5e115fac8e6861ce656fe9861892b22f6b0cfcb"
  integrity sha512-ZiY4j3iJvAdOwzwW24WjlZbUNvqOsnPAMfPBmdXqxj3uKJbrzBlRrdGl5uC89pZpFs9Dc92E81KcwG2uEgkIZA==

"@types/d3-geo@*":
  version "1.10.3"
  resolved "https://registry.yarnpkg.com/@types/d3-geo/-/d3-geo-1.10.3.tgz#3c01b2baa480e1108301096328dc2837e7ff4d8a"
  integrity sha512-hfdaxM2L0wA9mDZrrSf2o+DyhEpnJYCiAN+lHFtpfZOVCQrYBA5g33sGRpUbAvjSMyO5jkHbftMWPEhuCMChSg==
  dependencies:
    "@types/geojson" "*"

"@types/d3-hierarchy@*":
  version "1.1.4"
  resolved "https://registry.yarnpkg.com/@types/d3-hierarchy/-/d3-hierarchy-1.1.4.tgz#b04dfcb1f2074da789ada10fe4942d13f0bce421"
  integrity sha512-+d2VLfLPgW66VB7k56T8tC4LobfS6Rrhm+1pmYPMmlCpO5rccJLuwux7YXl/eGVst3Bhb5PJTN5/oaJERpNw8g==

"@types/d3-interpolate@*":
  version "1.3.0"
  resolved "https://registry.yarnpkg.com/@types/d3-interpolate/-/d3-interpolate-1.3.0.tgz#65b9627900bfdd82474875d9b23d574a4388af7c"
  integrity sha512-Ng4ds7kPSvP/c3W3J5PPUQlgewif1tGBqCeh5lgY+UG82Y7H9zQ8c2gILsEFDLg7wRGOwnuKZ940Q/LSN14w9w==
  dependencies:
    "@types/d3-color" "*"

"@types/d3-path@*":
  version "1.0.7"
  resolved "https://registry.yarnpkg.com/@types/d3-path/-/d3-path-1.0.7.tgz#a0736fceed688a695f48265a82ff7a3369414b81"
  integrity sha512-U8dFRG+8WhkLJr2sxZ9Cw/5WeRgBnNqMxGdA1+Z0+ZG6tK0s75OQ4OXnxeyfKuh6E4wQPY8OAKr1+iNDx01BEQ==

"@types/d3-polygon@*":
  version "1.0.6"
  resolved "https://registry.yarnpkg.com/@types/d3-polygon/-/d3-polygon-1.0.6.tgz#db25c630a2afb9191fe51ba61dd37baee9dd44c7"
  integrity sha512-E6Kyodn9JThgLq20nxSbEce9ow5/ePgm9PX2EO6W1INIL4DayM7cFaiG10DStuamjYAd0X4rntW2q+GRjiIktw==

"@types/d3-quadtree@*":
  version "1.0.6"
  resolved "https://registry.yarnpkg.com/@types/d3-quadtree/-/d3-quadtree-1.0.6.tgz#45da9e603688ba90eedd3d40f6e504764e06e493"
  integrity sha512-sphVuDdiSIaxLt9kQgebJW98pTktQ/xuN7Ysd8X68Rnjeg/q8+c36/ShlqU52qoKg9nob/JEHH1uQMdxURZidQ==

"@types/d3-random@*":
  version "1.1.1"
  resolved "https://registry.yarnpkg.com/@types/d3-random/-/d3-random-1.1.1.tgz#38647ce2ff4ce7d0d56974334c1c4092513c8b9f"
  integrity sha512-jUPeBq1XKK9/5XasTvy5QAUwFeMsjma2yt/nP02yC2Tijovx7i/W5776U/HZugxc5SSmtpx4Z3g9KFVon0QrjQ==

"@types/d3-scale-chromatic@*":
  version "1.3.0"
  resolved "https://registry.yarnpkg.com/@types/d3-scale-chromatic/-/d3-scale-chromatic-1.3.0.tgz#b8b58a7a262a583fc1c95ce851d5a75811875034"
  integrity sha512-JqQH5uu1kmdQEa6XSu7NYzQM71lL1YreBPS5o8SnmEDcBRKL6ooykXa8iFPPOEUiTah25ydi+cTrbsogBSMNSQ==

"@types/d3-scale@*":
  version "2.0.2"
  resolved "https://registry.yarnpkg.com/@types/d3-scale/-/d3-scale-2.0.2.tgz#61145948aa1a52ab31384766cd013308699112b3"
  integrity sha512-pnmZsEVwTyX+68bjG9r3XXUBASUF6z3Ir2nlrv81mWCH9yqeRscR98myMNP5OwDd9urUnvjNabJul5B9K0+F2w==
  dependencies:
    "@types/d3-time" "*"

"@types/d3-selection@*":
  version "1.3.4"
  resolved "https://registry.yarnpkg.com/@types/d3-selection/-/d3-selection-1.3.4.tgz#2f9b71e25fb73bc95c3842dd52b7e6d523292896"
  integrity sha512-WQ6Ivy7VuUlZ/Grqc8493ZxC+y/fpvZLy5+8ELvmCr2hll8eJPUqC05l6fgRRA7kjqlpbH7lbmvY6pRKf6yzxw==

"@types/d3-shape@*":
  version "1.2.6"
  resolved "https://registry.yarnpkg.com/@types/d3-shape/-/d3-shape-1.2.6.tgz#5badbbf4f29f9ca91e847506aa2241db757adccb"
  integrity sha512-BdewMqqinhNNV8rrnjr6tIdm6WCl/eVaePDs1dl52Le/c0m1ML/LaZc2S/Sht3VjPbAqeDFXhTgRgeDkrvzt/w==
  dependencies:
    "@types/d3-path" "*"

"@types/d3-time-format@*":
  version "2.1.0"
  resolved "https://registry.yarnpkg.com/@types/d3-time-format/-/d3-time-format-2.1.0.tgz#011e0fb7937be34a9a8f580ae1e2f2f1336a8a22"
  integrity sha512-/myT3I7EwlukNOX2xVdMzb8FRgNzRMpsZddwst9Ld/VFe6LyJyRp0s32l/V9XoUzk+Gqu56F/oGk6507+8BxrA==

"@types/d3-time@*":
  version "1.0.9"
  resolved "https://registry.yarnpkg.com/@types/d3-time/-/d3-time-1.0.9.tgz#c2cf05a3cd51f810b8d8a9bbca0c74030d4e535e"
  integrity sha512-m+D4NbQdDlTVaO7QgXAnatR3IDxQYDMBtRhgSCi5rs9R1LPq1y7/2aqa1FJ2IWjFm1mOV63swDxonnCDlHgHMA==

"@types/d3-timer@*":
  version "1.0.8"
  resolved "https://registry.yarnpkg.com/@types/d3-timer/-/d3-timer-1.0.8.tgz#a3441d9605367059e14ad8c3494132143cbc8d58"
  integrity sha512-AKUgQ/nljUFcUO2P3gK24weVI5XwUTdJvjoh8gJ0yxT4aJ+d7t2Or3TB+k9dEYl14BAjoj32D0ky+YzQSVszfg==

"@types/d3-transition@*":
  version "1.1.3"
  resolved "https://registry.yarnpkg.com/@types/d3-transition/-/d3-transition-1.1.3.tgz#efcf4941dae22135d595514ba488f4f370d396b0"
  integrity sha512-1EukXNuVu/z2G1GZpZagzFJnie9C5zze17ox/vhTgGXNy46rYAm4UkhLLlUeeZ1ndq88k95SOeC8898RpKMLOQ==
  dependencies:
    "@types/d3-selection" "*"

"@types/d3-voronoi@*":
  version "1.1.8"
  resolved "https://registry.yarnpkg.com/@types/d3-voronoi/-/d3-voronoi-1.1.8.tgz#a039cb8368bce4efc1a70aebe744d210851cf1a7"
  integrity sha512-zqNhW7QsYQGlfOdrwPNPG3Wk64zUa4epKRurkJ/dVc6oeXrB+iTDt8sRZ0KZKOOXvvfa1dcdB0e45TZeLBiodQ==

"@types/d3-zoom@*":
  version "1.7.2"
  resolved "https://registry.yarnpkg.com/@types/d3-zoom/-/d3-zoom-1.7.2.tgz#ee67f063199c179949d83b6b1e6166207de5f06e"
  integrity sha512-/ORNUzQ0g7h2f34L/hD1o+IytOjpNLwEf403yKmYAA+z3LC8eCH6xCKaCc0weuCWwiaZ2UqBW41Y6ciqjd+ndQ==
  dependencies:
    "@types/d3-interpolate" "*"
    "@types/d3-selection" "*"

"@types/d3@^5.0.0":
  version "5.0.1"
  resolved "https://registry.yarnpkg.com/@types/d3/-/d3-5.0.1.tgz#37fe11947b511b0adbfcb2ac9dd15914f0420c7d"
  integrity sha512-Vw504EhC+lbpHu9XfOtWh62kgbs/zuxRIRFOHwrGUt6OYXR3/jp9aN5mM/njkESTPwnb5tCkbBeUfbwnHmfsSg==
  dependencies:
    "@types/d3-array" "*"
    "@types/d3-axis" "*"
    "@types/d3-brush" "*"
    "@types/d3-chord" "*"
    "@types/d3-collection" "*"
    "@types/d3-color" "*"
    "@types/d3-contour" "*"
    "@types/d3-dispatch" "*"
    "@types/d3-drag" "*"
    "@types/d3-dsv" "*"
    "@types/d3-ease" "*"
    "@types/d3-fetch" "*"
    "@types/d3-force" "*"
    "@types/d3-format" "*"
    "@types/d3-geo" "*"
    "@types/d3-hierarchy" "*"
    "@types/d3-interpolate" "*"
    "@types/d3-path" "*"
    "@types/d3-polygon" "*"
    "@types/d3-quadtree" "*"
    "@types/d3-random" "*"
    "@types/d3-scale" "*"
    "@types/d3-scale-chromatic" "*"
    "@types/d3-selection" "*"
    "@types/d3-shape" "*"
    "@types/d3-time" "*"
    "@types/d3-time-format" "*"
    "@types/d3-timer" "*"
    "@types/d3-transition" "*"
    "@types/d3-voronoi" "*"
    "@types/d3-zoom" "*"

"@types/geojson@*":
  version "7946.0.4"
  resolved "https://registry.yarnpkg.com/@types/geojson/-/geojson-7946.0.4.tgz#4e049756383c3f055dd8f3d24e63fb543e98eb07"
  integrity sha512-MHmwBtCb7OCv1DSivz2UNJXPGU/1btAWRKlqJ2saEhVJkpkvqHMMaOpKg0v4sAbDWSQekHGvPVMM8nQ+Jen03Q==

"@types/html2canvas@^0.0.33":
  version "0.0.33"
  resolved "https://registry.yarnpkg.com/@types/html2canvas/-/html2canvas-0.0.33.tgz#e4076f0ea664d3cd6e1460c82e48b177774052fe"
  dependencies:
    "@types/jquery" "*"

"@types/jquery@*":
  version "3.3.6"
  resolved "https://registry.yarnpkg.com/@types/jquery/-/jquery-3.3.6.tgz#5932ead926307ca21e5b36808257f7c926b06565"

"@types/jquery@^3.3.6":
  version "3.3.22"
  resolved "https://registry.yarnpkg.com/@types/jquery/-/jquery-3.3.22.tgz#cde55dc8f83207dffd16205b05f97ce824581735"
  integrity sha512-a4JDcIhJhHYnoWCkG3xT2CZxXZeA92JeREESorg0DMQ3ZsjuKF48h7XK4l5Gl2GRa/ItGRpKMT0pyK88yRgqXQ==
  dependencies:
    "@types/sizzle" "*"

"@types/pixi.js@^4.8.4":
  version "4.8.4"
  resolved "https://registry.yarnpkg.com/@types/pixi.js/-/pixi.js-4.8.4.tgz#5111491292571aeaeacfc79edf92476e20fd7898"
  integrity sha512-vCIuD3n31szosl3VqTCFWHKKYZCS9gVDfCodEzCiR+jHHf/jG7O1z45EXDsSYP5wuY0k4jFgFLiCWFSYaCOYTg==

"@types/sizzle@*":
  version "2.3.2"
  resolved "https://registry.yarnpkg.com/@types/sizzle/-/sizzle-2.3.2.tgz#a811b8c18e2babab7d542b3365887ae2e4d9de47"
  integrity sha512-7EJYyKTL7tFR8+gDbB6Wwz/arpGa0Mywk1TJbNzKzHtzbwVmY4HR9WqS5VV7dsBUKQmPNr192jHr/VpBluj/hg==

ansi-regex@^2.0.0:
  version "2.1.1"
  resolved "https://registry.yarnpkg.com/ansi-regex/-/ansi-regex-2.1.1.tgz#c3b33ab5ee360d86e0e628f0468ae7ef27d654df"

ansi-styles@^2.2.1:
  version "2.2.1"
  resolved "https://registry.yarnpkg.com/ansi-styles/-/ansi-styles-2.2.1.tgz#b432dd3358b634cf75e1e4664368240533c1ddbe"

ansi-styles@^3.2.1:
  version "3.2.1"
  resolved "https://registry.yarnpkg.com/ansi-styles/-/ansi-styles-3.2.1.tgz#41fbb20243e50b12be0f04b8dedbf07520ce841d"
  dependencies:
    color-convert "^1.9.0"

argparse@^1.0.7:
  version "1.0.10"
  resolved "https://registry.yarnpkg.com/argparse/-/argparse-1.0.10.tgz#bcd6791ea5ae09725e17e5ad988134cd40b3d911"
  dependencies:
    sprintf-js "~1.0.2"

babel-code-frame@^6.22.0:
  version "6.26.0"
  resolved "https://registry.yarnpkg.com/babel-code-frame/-/babel-code-frame-6.26.0.tgz#63fd43f7dc1e3bb7ce35947db8fe369a3f58c74b"
  dependencies:
    chalk "^1.1.3"
    esutils "^2.0.2"
    js-tokens "^3.0.2"

balanced-match@^1.0.0:
  version "1.0.0"
  resolved "https://registry.yarnpkg.com/balanced-match/-/balanced-match-1.0.0.tgz#89b4d199ab2bee49de164ea02b89ce462d71b767"

brace-expansion@^1.1.7:
  version "1.1.11"
  resolved "https://registry.yarnpkg.com/brace-expansion/-/brace-expansion-1.1.11.tgz#3c7fcbf529d87226f3d2f52b966ff5271eb441dd"
  dependencies:
    balanced-match "^1.0.0"
    concat-map "0.0.1"

builtin-modules@^1.1.1:
  version "1.1.1"
  resolved "https://registry.yarnpkg.com/builtin-modules/-/builtin-modules-1.1.1.tgz#270f076c5a72c02f5b65a47df94c5fe3a278892f"

chalk@^1.1.3:
  version "1.1.3"
  resolved "https://registry.yarnpkg.com/chalk/-/chalk-1.1.3.tgz#a8115c55e4a702fe4d150abd3872822a7e09fc98"
  dependencies:
    ansi-styles "^2.2.1"
    escape-string-regexp "^1.0.2"
    has-ansi "^2.0.0"
    strip-ansi "^3.0.0"
    supports-color "^2.0.0"

chalk@^2.3.0:
  version "2.4.1"
  resolved "https://registry.yarnpkg.com/chalk/-/chalk-2.4.1.tgz#18c49ab16a037b6eb0152cc83e3471338215b66e"
  dependencies:
    ansi-styles "^3.2.1"
    escape-string-regexp "^1.0.5"
    supports-color "^5.3.0"

color-convert@^1.9.0:
  version "1.9.2"
  resolved "https://registry.yarnpkg.com/color-convert/-/color-convert-1.9.2.tgz#49881b8fba67df12a96bdf3f56c0aab9e7913147"
  dependencies:
    color-name "1.1.1"

color-name@1.1.1:
  version "1.1.1"
  resolved "https://registry.yarnpkg.com/color-name/-/color-name-1.1.1.tgz#4b1415304cf50028ea81643643bd82ea05803689"

commander@^2.12.1:
  version "2.17.1"
  resolved "https://registry.yarnpkg.com/commander/-/commander-2.17.1.tgz#bd77ab7de6de94205ceacc72f1716d29f20a77bf"

concat-map@0.0.1:
  version "0.0.1"
  resolved "https://registry.yarnpkg.com/concat-map/-/concat-map-0.0.1.tgz#d8a96bd77fd68df7793a73036a3ba0d5405d477b"

diff@^3.2.0:
  version "3.5.0"
  resolved "https://registry.yarnpkg.com/diff/-/diff-3.5.0.tgz#800c0dd1e0a8bfbc95835c202ad220fe317e5a12"

escape-string-regexp@^1.0.2, escape-string-regexp@^1.0.5:
  version "1.0.5"
  resolved "https://registry.yarnpkg.com/escape-string-regexp/-/escape-string-regexp-1.0.5.tgz#1b61c0562190a8dff6ae3bb2cf0200ca130b86d4"

esprima@^4.0.0:
  version "4.0.1"
  resolved "https://registry.yarnpkg.com/esprima/-/esprima-4.0.1.tgz#13b04cdb3e6c5d19df91ab6987a8695619b0aa71"

esutils@^2.0.2:
  version "2.0.2"
  resolved "https://registry.yarnpkg.com/esutils/-/esutils-2.0.2.tgz#0abf4f1caa5bcb1f7a9d8acc6dea4faaa04bac9b"

fs.realpath@^1.0.0:
  version "1.0.0"
  resolved "https://registry.yarnpkg.com/fs.realpath/-/fs.realpath-1.0.0.tgz#1504ad2523158caa40db4a2787cb01411994ea4f"

glob@^7.1.1:
  version "7.1.2"
  resolved "https://registry.yarnpkg.com/glob/-/glob-7.1.2.tgz#c19c9df9a028702d678612384a6552404c636d15"
  dependencies:
    fs.realpath "^1.0.0"
    inflight "^1.0.4"
    inherits "2"
    minimatch "^3.0.4"
    once "^1.3.0"
    path-is-absolute "^1.0.0"

has-ansi@^2.0.0:
  version "2.0.0"
  resolved "https://registry.yarnpkg.com/has-ansi/-/has-ansi-2.0.0.tgz#34f5049ce1ecdf2b0649af3ef24e45ed35416d91"
  dependencies:
    ansi-regex "^2.0.0"

has-flag@^3.0.0:
  version "3.0.0"
  resolved "https://registry.yarnpkg.com/has-flag/-/has-flag-3.0.0.tgz#b5d454dc2199ae225699f3467e5a07f3b955bafd"

inflight@^1.0.4:
  version "1.0.6"
  resolved "https://registry.yarnpkg.com/inflight/-/inflight-1.0.6.tgz#49bd6331d7d02d0c09bc910a1075ba8165b56df9"
  dependencies:
    once "^1.3.0"
    wrappy "1"

inherits@2:
  version "2.0.3"
  resolved "https://registry.yarnpkg.com/inherits/-/inherits-2.0.3.tgz#633c2c83e3da42a502f52466022480f4208261de"

js-tokens@^3.0.2:
  version "3.0.2"
  resolved "https://registry.yarnpkg.com/js-tokens/-/js-tokens-3.0.2.tgz#9866df395102130e38f7f996bceb65443209c25b"

js-yaml@^3.7.0:
  version "3.12.0"
  resolved "https://registry.yarnpkg.com/js-yaml/-/js-yaml-3.12.0.tgz#eaed656ec8344f10f527c6bfa1b6e2244de167d1"
  dependencies:
    argparse "^1.0.7"
    esprima "^4.0.0"

minimatch@^3.0.4:
  version "3.0.4"
  resolved "https://registry.yarnpkg.com/minimatch/-/minimatch-3.0.4.tgz#5166e286457f03306064be5497e8dbb0c3d32083"
  dependencies:
    brace-expansion "^1.1.7"

once@^1.3.0:
  version "1.4.0"
  resolved "https://registry.yarnpkg.com/once/-/once-1.4.0.tgz#583b1aa775961d4b113ac17d9c50baef9dd76bd1"
  dependencies:
    wrappy "1"

path-is-absolute@^1.0.0:
  version "1.0.1"
  resolved "https://registry.yarnpkg.com/path-is-absolute/-/path-is-absolute-1.0.1.tgz#174b9268735534ffbc7ace6bf53a5a9e1b5c5f5f"

path-parse@^1.0.5:
  version "1.0.6"
  resolved "https://registry.yarnpkg.com/path-parse/-/path-parse-1.0.6.tgz#d62dbb5679405d72c4737ec58600e9ddcf06d24c"

resolve@^1.3.2:
  version "1.8.1"
  resolved "https://registry.yarnpkg.com/resolve/-/resolve-1.8.1.tgz#82f1ec19a423ac1fbd080b0bab06ba36e84a7a26"
  dependencies:
    path-parse "^1.0.5"

semver@^5.3.0:
  version "5.5.1"
  resolved "https://registry.yarnpkg.com/semver/-/semver-5.5.1.tgz#7dfdd8814bdb7cabc7be0fb1d734cfb66c940477"

sprintf-js@~1.0.2:
  version "1.0.3"
  resolved "https://registry.yarnpkg.com/sprintf-js/-/sprintf-js-1.0.3.tgz#04e6926f662895354f3dd015203633b857297e2c"

strip-ansi@^3.0.0:
  version "3.0.1"
  resolved "https://registry.yarnpkg.com/strip-ansi/-/strip-ansi-3.0.1.tgz#6a385fb8853d952d5ff05d0e8aaf94278dc63dcf"
  dependencies:
    ansi-regex "^2.0.0"

supports-color@^2.0.0:
  version "2.0.0"
  resolved "https://registry.yarnpkg.com/supports-color/-/supports-color-2.0.0.tgz#535d045ce6b6363fa40117084629995e9df324c7"

supports-color@^5.3.0:
  version "5.5.0"
  resolved "https://registry.yarnpkg.com/supports-color/-/supports-color-5.5.0.tgz#e2e69a44ac8772f78a1ec0b35b689df6530efc8f"
  dependencies:
    has-flag "^3.0.0"

tslib@^1.8.0, tslib@^1.8.1:
  version "1.9.3"
  resolved "https://registry.yarnpkg.com/tslib/-/tslib-1.9.3.tgz#d7e4dd79245d85428c4d7e4822a79917954ca286"

tslint@^5.11.0:
  version "5.11.0"
  resolved "https://registry.yarnpkg.com/tslint/-/tslint-5.11.0.tgz#98f30c02eae3cde7006201e4c33cb08b48581eed"
  dependencies:
    babel-code-frame "^6.22.0"
    builtin-modules "^1.1.1"
    chalk "^2.3.0"
    commander "^2.12.1"
    diff "^3.2.0"
    glob "^7.1.1"
    js-yaml "^3.7.0"
    minimatch "^3.0.4"
    resolve "^1.3.2"
    semver "^5.3.0"
    tslib "^1.8.0"
    tsutils "^2.27.2"

tsutils@^2.27.2:
  version "2.29.0"
  resolved "https://registry.yarnpkg.com/tsutils/-/tsutils-2.29.0.tgz#32b488501467acbedd4b85498673a0812aca0b99"
  dependencies:
    tslib "^1.8.1"

typescript@^3.0.1:
  version "3.2.1"
  resolved "https://registry.yarnpkg.com/typescript/-/typescript-3.2.1.tgz#0b7a04b8cf3868188de914d9568bd030f0c56192"
  integrity sha512-jw7P2z/h6aPT4AENXDGjcfHTu5CSqzsbZc6YlUIebTyBAq8XaKp78x7VcSh30xwSCcsu5irZkYZUSFP1MrAMbg==

wrappy@1:
  version "1.0.2"
  resolved "https://registry.yarnpkg.com/wrappy/-/wrappy-1.0.2.tgz#b5243d8f3ec1aa35f1364605bc0d1036e30ab69f"
